
Microsoft Visual Studio Solution File, Format Version 12.00
# Visual Studio Version 17
VisualStudioVersion = 17.8.34330.188
MinimumVisualStudioVersion = 10.0.40219.1
Project("{9A19103F-16F7-4668-BE54-9A1E7A4F7556}") = "GameClient", "GameClient\GameClient.csproj", "{365CE0A6-63F0-421B-8E6A-16E7BF9E9516}"
EndProject
Project("{FAE04EC0-301F-11D3-BF4B-00C04F79EFBC}") = "ConsoleApp1", "ConsoleApp1\ConsoleApp1.csproj", "{3521E8D3-CB51-4B2E-8B53-6A7DB3B067C3}"
EndProject
Global
	GlobalSection(SolutionConfigurationPlatforms) = preSolution
		Debug|Any CPU = Debug|Any CPU
		Release|Any CPU = Release|Any CPU
	EndGlobalSection
	GlobalSection(ProjectConfigurationPlatforms) = postSolution
		{365CE0A6-63F0-421B-8E6A-16E7BF9E9516}.Debug|Any CPU.ActiveCfg = Debug|Any CPU
		{365CE0A6-63F0-421B-8E6A-16E7BF9E9516}.Debug|Any CPU.Build.0 = Debug|Any CPU
		{365CE0A6-63F0-421B-8E6A-16E7BF9E9516}.Release|Any CPU.ActiveCfg = Release|Any CPU
		{365CE0A6-63F0-421B-8E6A-16E7BF9E9516}.Release|Any CPU.Build.0 = Release|Any CPU
		{3521E8D3-CB51-4B2E-8B53-6A7DB3B067C3}.Debug|Any CPU.ActiveCfg = Debug|Any CPU
		{3521E8D3-CB51-4B2E-8B53-6A7DB3B067C3}.Debug|Any CPU.Build.0 = Debug|Any CPU
		{3521E8D3-CB51-4B2E-8B53-6A7DB3B067C3}.Release|Any CPU.ActiveCfg = Release|Any CPU
		{3521E8D3-CB51-4B2E-8B53-6A7DB3B067C3}.Release|Any CPU.Build.0 = Release|Any CPU
	EndGlobalSection
	GlobalSection(SolutionProperties) = preSolution
		HideSolutionNode = FALSE
	EndGlobalSection
	GlobalSection(ExtensibilityGlobals) = postSolution
		SolutionGuid = {2FAEF516-BED0-437B-9FA5-9B7C1DD00E30}
	EndGlobalSection
EndGlobal
